
Microsoft Visual Studio Solution File, Format Version 12.00
# Visual Studio Version 17
VisualStudioVersion = 17.1.32210.238
MinimumVisualStudioVersion = 10.0.40219.1
Project("{FAE04EC0-301F-11D3-BF4B-00C04F79EFBC}") = "Api Vindi", "Api Vindi\Api Vindi.csproj", "{BA2D02DD-CC57-43FD-839F-76C22F983532}"
EndProject
Global
	GlobalSection(SolutionConfigurationPlatforms) = preSolution
		Debug|Any CPU = Debug|Any CPU
		Release|Any CPU = Release|Any CPU
	EndGlobalSection
	GlobalSection(ProjectConfigurationPlatforms) = postSolution
		{BA2D02DD-CC57-43FD-839F-76C22F983532}.Debug|Any CPU.ActiveCfg = Debug|Any CPU
		{BA2D02DD-CC57-43FD-839F-76C22F983532}.Debug|Any CPU.Build.0 = Debug|Any CPU
		{BA2D02DD-CC57-43FD-839F-76C22F983532}.Release|Any CPU.ActiveCfg = Release|Any CPU
		{BA2D02DD-CC57-43FD-839F-76C22F983532}.Release|Any CPU.Build.0 = Release|Any CPU
	EndGlobalSection
	GlobalSection(SolutionProperties) = preSolution
		HideSolutionNode = FALSE
	EndGlobalSection
	GlobalSection(ExtensibilityGlobals) = postSolution
		SolutionGuid = {6BFD2B11-0800-44D4-88EA-169122804EDB}
	EndGlobalSection
EndGlobal
